
Microsoft Visual Studio Solution File, Format Version 12.00
# Visual Studio Version 18
VisualStudioVersion = 18.2.11415.280
MinimumVisualStudioVersion = 10.0.40219.1
Project("{2150E333-8FDC-42A3-9474-1A3956D46DE8}") = "src", "src", "{02EA681E-C7D8-13C7-8484-4AC65E1B71E8}"
EndProject
Project("{2150E333-8FDC-42A3-9474-1A3956D46DE8}") = "tests", "tests", "{CC20A411-4841-4F3D-9EC4-51BF7A733C8C}"
EndProject
Project("{2150E333-8FDC-42A3-9474-1A3956D46DE8}") = "Backend", "Backend", "{95C707F8-3F42-4A69-9B92-A2F661AA1CE7}"
EndProject
Project("{2150E333-8FDC-42A3-9474-1A3956D46DE8}") = "Shared", "Shared", "{4C60733A-EF49-4E69-B4B1-079BF7981F97}"
EndProject
Project("{FAE04EC0-301F-11D3-BF4B-00C04F79EFBC}") = "MyRecipeBook", "src\Backend\MyRecipeBook\MyRecipeBook.csproj", "{CA808757-DB07-42E9-852C-54F7B63CE7B3}"
EndProject
Project("{FAE04EC0-301F-11D3-BF4B-00C04F79EFBC}") = "MyRecipeBook.Application", "src\Backend\MyRecipeBook.Application\MyRecipeBook.Application.csproj", "{0CD651AB-8BF7-4EF5-A3F5-F9B04BF381B9}"
EndProject
Project("{FAE04EC0-301F-11D3-BF4B-00C04F79EFBC}") = "MyRecipeBook.Domain", "src\Backend\MyRecipeBook.Domain\MyRecipeBook.Domain.csproj", "{E1B52C40-14CB-40E3-8FF6-6246E219FC94}"
EndProject
Project("{FAE04EC0-301F-11D3-BF4B-00C04F79EFBC}") = "MyRecipeBook.Infraestructure", "src\Backend\MyRecipeBook.Infraestructure\MyRecipeBook.Infraestructure.csproj", "{4EAC48F7-5B41-5D5F-771D-2A909E9443FB}"
EndProject
Project("{FAE04EC0-301F-11D3-BF4B-00C04F79EFBC}") = "CommonTestUtilities", "tests\CommonTestUtilities\CommonTestUtilities.csproj", "{2F9179D7-0ADC-56F5-A754-A37749A03642}"
EndProject
Project("{FAE04EC0-301F-11D3-BF4B-00C04F79EFBC}") = "UseCases.Test", "tests\UseCases.Test\UseCases.Test.csproj", "{1BA65157-31CB-E006-ADA6-72E463370EAD}"
EndProject
Project("{FAE04EC0-301F-11D3-BF4B-00C04F79EFBC}") = "Validators.Test", "tests\Validators.Test\Validators.Test.csproj", "{4BB7CEB2-E363-A757-3E61-D77042B1318C}"
EndProject
Project("{FAE04EC0-301F-11D3-BF4B-00C04F79EFBC}") = "MyRecipeBook.Communication", "src\Shared\MyRecipeBook.Communication\MyRecipeBook.Communication.csproj", "{D05FB840-25F2-27B7-469E-88E3E604AF55}"
EndProject
Project("{FAE04EC0-301F-11D3-BF4B-00C04F79EFBC}") = "MyRecipeBook.Exceptions", "src\Shared\MyRecipeBook.Exception\MyRecipeBook.Exceptions.csproj", "{5FFF8F19-B94D-59D4-04D8-63FAD91D686B}"
EndProject
Project("{FAE04EC0-301F-11D3-BF4B-00C04F79EFBC}") = "WebApi.Test", "tests\WebApi.Test\WebApi.Test.csproj", "{31F37A73-051E-740D-8E8C-3C0AEB032C04}"
EndProject
Global
	GlobalSection(SolutionConfigurationPlatforms) = preSolution
		Debug|Any CPU = Debug|Any CPU
		Release|Any CPU = Release|Any CPU
	EndGlobalSection
	GlobalSection(ProjectConfigurationPlatforms) = postSolution
		{CA808757-DB07-42E9-852C-54F7B63CE7B3}.Debug|Any CPU.ActiveCfg = Debug|Any CPU
		{CA808757-DB07-42E9-852C-54F7B63CE7B3}.Debug|Any CPU.Build.0 = Debug|Any CPU
		{CA808757-DB07-42E9-852C-54F7B63CE7B3}.Release|Any CPU.ActiveCfg = Release|Any CPU
		{CA808757-DB07-42E9-852C-54F7B63CE7B3}.Release|Any CPU.Build.0 = Release|Any CPU
		{0CD651AB-8BF7-4EF5-A3F5-F9B04BF381B9}.Debug|Any CPU.ActiveCfg = Debug|Any CPU
		{0CD651AB-8BF7-4EF5-A3F5-F9B04BF381B9}.Debug|Any CPU.Build.0 = Debug|Any CPU
		{0CD651AB-8BF7-4EF5-A3F5-F9B04BF381B9}.Release|Any CPU.ActiveCfg = Release|Any CPU
		{0CD651AB-8BF7-4EF5-A3F5-F9B04BF381B9}.Release|Any CPU.Build.0 = Release|Any CPU
		{E1B52C40-14CB-40E3-8FF6-6246E219FC94}.Debug|Any CPU.ActiveCfg = Debug|Any CPU
		{E1B52C40-14CB-40E3-8FF6-6246E219FC94}.Debug|Any CPU.Build.0 = Debug|Any CPU
		{E1B52C40-14CB-40E3-8FF6-6246E219FC94}.Release|Any CPU.ActiveCfg = Release|Any CPU
		{E1B52C40-14CB-40E3-8FF6-6246E219FC94}.Release|Any CPU.Build.0 = Release|Any CPU
		{4EAC48F7-5B41-5D5F-771D-2A909E9443FB}.Debug|Any CPU.ActiveCfg = Debug|Any CPU
		{4EAC48F7-5B41-5D5F-771D-2A909E9443FB}.Debug|Any CPU.Build.0 = Debug|Any CPU
		{4EAC48F7-5B41-5D5F-771D-2A909E9443FB}.Release|Any CPU.ActiveCfg = Release|Any CPU
		{4EAC48F7-5B41-5D5F-771D-2A909E9443FB}.Release|Any CPU.Build.0 = Release|Any CPU
		{2F9179D7-0ADC-56F5-A754-A37749A03642}.Debug|Any CPU.ActiveCfg = Debug|Any CPU
		{2F9179D7-0ADC-56F5-A754-A37749A03642}.Debug|Any CPU.Build.0 = Debug|Any CPU
		{2F9179D7-0ADC-56F5-A754-A37749A03642}.Release|Any CPU.ActiveCfg = Release|Any CPU
		{2F9179D7-0ADC-56F5-A754-A37749A03642}.Release|Any CPU.Build.0 = Release|Any CPU
		{1BA65157-31CB-E006-ADA6-72E463370EAD}.Debug|Any CPU.ActiveCfg = Debug|Any CPU
		{1BA65157-31CB-E006-ADA6-72E463370EAD}.Debug|Any CPU.Build.0 = Debug|Any CPU
		{1BA65157-31CB-E006-ADA6-72E463370EAD}.Release|Any CPU.ActiveCfg = Release|Any CPU
		{1BA65157-31CB-E006-ADA6-72E463370EAD}.Release|Any CPU.Build.0 = Release|Any CPU
		{4BB7CEB2-E363-A757-3E61-D77042B1318C}.Debug|Any CPU.ActiveCfg = Debug|Any CPU
		{4BB7CEB2-E363-A757-3E61-D77042B1318C}.Debug|Any CPU.Build.0 = Debug|Any CPU
		{4BB7CEB2-E363-A757-3E61-D77042B1318C}.Release|Any CPU.ActiveCfg = Release|Any CPU
		{4BB7CEB2-E363-A757-3E61-D77042B1318C}.Release|Any CPU.Build.0 = Release|Any CPU
		{D05FB840-25F2-27B7-469E-88E3E604AF55}.Debug|Any CPU.ActiveCfg = Debug|Any CPU
		{D05FB840-25F2-27B7-469E-88E3E604AF55}.Debug|Any CPU.Build.0 = Debug|Any CPU
		{D05FB840-25F2-27B7-469E-88E3E604AF55}.Release|Any CPU.ActiveCfg = Release|Any CPU
		{D05FB840-25F2-27B7-469E-88E3E604AF55}.Release|Any CPU.Build.0 = Release|Any CPU
		{5FFF8F19-B94D-59D4-04D8-63FAD91D686B}.Debug|Any CPU.ActiveCfg = Debug|Any CPU
		{5FFF8F19-B94D-59D4-04D8-63FAD91D686B}.Debug|Any CPU.Build.0 = Debug|Any CPU
		{5FFF8F19-B94D-59D4-04D8-63FAD91D686B}.Release|Any CPU.ActiveCfg = Release|Any CPU
		{5FFF8F19-B94D-59D4-04D8-63FAD91D686B}.Release|Any CPU.Build.0 = Release|Any CPU
		{31F37A73-051E-740D-8E8C-3C0AEB032C04}.Debug|Any CPU.ActiveCfg = Debug|Any CPU
		{31F37A73-051E-740D-8E8C-3C0AEB032C04}.Debug|Any CPU.Build.0 = Debug|Any CPU
		{31F37A73-051E-740D-8E8C-3C0AEB032C04}.Release|Any CPU.ActiveCfg = Release|Any CPU
		{31F37A73-051E-740D-8E8C-3C0AEB032C04}.Release|Any CPU.Build.0 = Release|Any CPU
	EndGlobalSection
	GlobalSection(SolutionProperties) = preSolution
		HideSolutionNode = FALSE
	EndGlobalSection
	GlobalSection(NestedProjects) = preSolution
		{95C707F8-3F42-4A69-9B92-A2F661AA1CE7} = {02EA681E-C7D8-13C7-8484-4AC65E1B71E8}
		{4C60733A-EF49-4E69-B4B1-079BF7981F97} = {02EA681E-C7D8-13C7-8484-4AC65E1B71E8}
		{CA808757-DB07-42E9-852C-54F7B63CE7B3} = {95C707F8-3F42-4A69-9B92-A2F661AA1CE7}
		{0CD651AB-8BF7-4EF5-A3F5-F9B04BF381B9} = {95C707F8-3F42-4A69-9B92-A2F661AA1CE7}
		{E1B52C40-14CB-40E3-8FF6-6246E219FC94} = {95C707F8-3F42-4A69-9B92-A2F661AA1CE7}
		{4EAC48F7-5B41-5D5F-771D-2A909E9443FB} = {95C707F8-3F42-4A69-9B92-A2F661AA1CE7}
		{2F9179D7-0ADC-56F5-A754-A37749A03642} = {CC20A411-4841-4F3D-9EC4-51BF7A733C8C}
		{1BA65157-31CB-E006-ADA6-72E463370EAD} = {CC20A411-4841-4F3D-9EC4-51BF7A733C8C}
		{4BB7CEB2-E363-A757-3E61-D77042B1318C} = {CC20A411-4841-4F3D-9EC4-51BF7A733C8C}
		{D05FB840-25F2-27B7-469E-88E3E604AF55} = {4C60733A-EF49-4E69-B4B1-079BF7981F97}
		{5FFF8F19-B94D-59D4-04D8-63FAD91D686B} = {4C60733A-EF49-4E69-B4B1-079BF7981F97}
		{31F37A73-051E-740D-8E8C-3C0AEB032C04} = {CC20A411-4841-4F3D-9EC4-51BF7A733C8C}
	EndGlobalSection
	GlobalSection(ExtensibilityGlobals) = postSolution
		SolutionGuid = {92B98407-5992-4636-99DF-B1330AF3E9E0}
	EndGlobalSection
EndGlobal
